
Microsoft Visual Studio Solution File, Format Version 12.00
# Visual Studio 2013
VisualStudioVersion = 12.0.31101.0
MinimumVisualStudioVersion = 10.0.40219.1
Project("{FAE04EC0-301F-11D3-BF4B-00C04F79EFBC}") = "Kawaw", "Kawaw\Kawaw\Kawaw.csproj", "{26546FE1-624C-4C63-A155-1748B7623822}"
EndProject
Project("{FAE04EC0-301F-11D3-BF4B-00C04F79EFBC}") = "Kawaw.iOS", "Kawaw\Kawaw.iOS\Kawaw.iOS.csproj", "{A57A779B-9040-4C98-A400-B15693DCC9AE}"
EndProject
Project("{FAE04EC0-301F-11D3-BF4B-00C04F79EFBC}") = "Kawaw.Android", "Kawaw\Kawaw.Android\Kawaw.Android.csproj", "{6CD5AC44-F7AD-4985-86E7-DCDB67CFD727}"
	ProjectSection(ProjectDependencies) = postProject
		{26546FE1-624C-4C63-A155-1748B7623822} = {26546FE1-624C-4C63-A155-1748B7623822}
	EndProjectSection
EndProject
Global
	GlobalSection(SolutionConfigurationPlatforms) = preSolution
		Ad-Hoc|Any CPU = Ad-Hoc|Any CPU
		Ad-Hoc|iPhone = Ad-Hoc|iPhone
		Ad-Hoc|iPhoneSimulator = Ad-Hoc|iPhoneSimulator
		Ad-Hoc|Mixed Platforms = Ad-Hoc|Mixed Platforms
		AppStore|Any CPU = AppStore|Any CPU
		AppStore|iPhone = AppStore|iPhone
		AppStore|iPhoneSimulator = AppStore|iPhoneSimulator
		AppStore|Mixed Platforms = AppStore|Mixed Platforms
		Debug|Any CPU = Debug|Any CPU
		Debug|iPhone = Debug|iPhone
		Debug|iPhoneSimulator = Debug|iPhoneSimulator
		Debug|Mixed Platforms = Debug|Mixed Platforms
		Release|Any CPU = Release|Any CPU
		Release|iPhone = Release|iPhone
		Release|iPhoneSimulator = Release|iPhoneSimulator
		Release|Mixed Platforms = Release|Mixed Platforms
	EndGlobalSection
	GlobalSection(ProjectConfigurationPlatforms) = postSolution
		{26546FE1-624C-4C63-A155-1748B7623822}.Ad-Hoc|Any CPU.ActiveCfg = Release|Any CPU
		{26546FE1-624C-4C63-A155-1748B7623822}.Ad-Hoc|Any CPU.Build.0 = Release|Any CPU
		{26546FE1-624C-4C63-A155-1748B7623822}.Ad-Hoc|iPhone.ActiveCfg = Release|Any CPU
		{26546FE1-624C-4C63-A155-1748B7623822}.Ad-Hoc|iPhoneSimulator.ActiveCfg = Release|Any CPU
		{26546FE1-624C-4C63-A155-1748B7623822}.Ad-Hoc|Mixed Platforms.ActiveCfg = Release|Any CPU
		{26546FE1-624C-4C63-A155-1748B7623822}.Ad-Hoc|Mixed Platforms.Build.0 = Release|Any CPU
		{26546FE1-624C-4C63-A155-1748B7623822}.AppStore|Any CPU.ActiveCfg = Release|Any CPU
		{26546FE1-624C-4C63-A155-1748B7623822}.AppStore|Any CPU.Build.0 = Release|Any CPU
		{26546FE1-624C-4C63-A155-1748B7623822}.AppStore|iPhone.ActiveCfg = Release|Any CPU
		{26546FE1-624C-4C63-A155-1748B7623822}.AppStore|iPhoneSimulator.ActiveCfg = Release|Any CPU
		{26546FE1-624C-4C63-A155-1748B7623822}.AppStore|Mixed Platforms.ActiveCfg = Release|Any CPU
		{26546FE1-624C-4C63-A155-1748B7623822}.AppStore|Mixed Platforms.Build.0 = Release|Any CPU
		{26546FE1-624C-4C63-A155-1748B7623822}.Debug|Any CPU.ActiveCfg = Debug|Any CPU
		{26546FE1-624C-4C63-A155-1748B7623822}.Debug|Any CPU.Build.0 = Debug|Any CPU
		{26546FE1-624C-4C63-A155-1748B7623822}.Debug|iPhone.ActiveCfg = Debug|Any CPU
		{26546FE1-624C-4C63-A155-1748B7623822}.Debug|iPhone.Build.0 = Debug|Any CPU
		{26546FE1-624C-4C63-A155-1748B7623822}.Debug|iPhoneSimulator.ActiveCfg = Debug|Any CPU
		{26546FE1-624C-4C63-A155-1748B7623822}.Debug|iPhoneSimulator.Build.0 = Debug|Any CPU
		{26546FE1-624C-4C63-A155-1748B7623822}.Debug|iPhoneSimulator.Deploy.0 = Debug|Any CPU
		{26546FE1-624C-4C63-A155-1748B7623822}.Debug|Mixed Platforms.ActiveCfg = Debug|Any CPU
		{26546FE1-624C-4C63-A155-1748B7623822}.Debug|Mixed Platforms.Build.0 = Debug|Any CPU
		{26546FE1-624C-4C63-A155-1748B7623822}.Release|Any CPU.ActiveCfg = Release|Any CPU
		{26546FE1-624C-4C63-A155-1748B7623822}.Release|Any CPU.Build.0 = Release|Any CPU
		{26546FE1-624C-4C63-A155-1748B7623822}.Release|iPhone.ActiveCfg = Release|Any CPU
		{26546FE1-624C-4C63-A155-1748B7623822}.Release|iPhone.Build.0 = Release|Any CPU
		{26546FE1-624C-4C63-A155-1748B7623822}.Release|iPhoneSimulator.ActiveCfg = Release|Any CPU
		{26546FE1-624C-4C63-A155-1748B7623822}.Release|Mixed Platforms.ActiveCfg = Release|Any CPU
		{26546FE1-624C-4C63-A155-1748B7623822}.Release|Mixed Platforms.Build.0 = Release|Any CPU
		{A57A779B-9040-4C98-A400-B15693DCC9AE}.Ad-Hoc|Any CPU.ActiveCfg = Ad-Hoc|iPhone
		{A57A779B-9040-4C98-A400-B15693DCC9AE}.Ad-Hoc|iPhone.ActiveCfg = Ad-Hoc|iPhone
		{A57A779B-9040-4C98-A400-B15693DCC9AE}.Ad-Hoc|iPhone.Build.0 = Ad-Hoc|iPhone
		{A57A779B-9040-4C98-A400-B15693DCC9AE}.Ad-Hoc|iPhoneSimulator.ActiveCfg = Ad-Hoc|iPhoneSimulator
		{A57A779B-9040-4C98-A400-B15693DCC9AE}.Ad-Hoc|iPhoneSimulator.Build.0 = Ad-Hoc|iPhoneSimulator
		{A57A779B-9040-4C98-A400-B15693DCC9AE}.Ad-Hoc|Mixed Platforms.ActiveCfg = Ad-Hoc|iPhone
		{A57A779B-9040-4C98-A400-B15693DCC9AE}.Ad-Hoc|Mixed Platforms.Build.0 = Ad-Hoc|iPhone
		{A57A779B-9040-4C98-A400-B15693DCC9AE}.AppStore|Any CPU.ActiveCfg = AppStore|iPhone
		{A57A779B-9040-4C98-A400-B15693DCC9AE}.AppStore|iPhone.ActiveCfg = AppStore|iPhone
		{A57A779B-9040-4C98-A400-B15693DCC9AE}.AppStore|iPhone.Build.0 = AppStore|iPhone
		{A57A779B-9040-4C98-A400-B15693DCC9AE}.AppStore|iPhoneSimulator.ActiveCfg = AppStore|iPhoneSimulator
		{A57A779B-9040-4C98-A400-B15693DCC9AE}.AppStore|iPhoneSimulator.Build.0 = AppStore|iPhoneSimulator
		{A57A779B-9040-4C98-A400-B15693DCC9AE}.AppStore|Mixed Platforms.ActiveCfg = AppStore|iPhone
		{A57A779B-9040-4C98-A400-B15693DCC9AE}.AppStore|Mixed Platforms.Build.0 = AppStore|iPhone
		{A57A779B-9040-4C98-A400-B15693DCC9AE}.Debug|Any CPU.ActiveCfg = Debug|iPhone
		{A57A779B-9040-4C98-A400-B15693DCC9AE}.Debug|iPhone.ActiveCfg = Debug|iPhone
		{A57A779B-9040-4C98-A400-B15693DCC9AE}.Debug|iPhone.Build.0 = Debug|iPhone
		{A57A779B-9040-4C98-A400-B15693DCC9AE}.Debug|iPhoneSimulator.ActiveCfg = Debug|iPhoneSimulator
		{A57A779B-9040-4C98-A400-B15693DCC9AE}.Debug|iPhoneSimulator.Build.0 = Debug|iPhoneSimulator
		{A57A779B-9040-4C98-A400-B15693DCC9AE}.Debug|Mixed Platforms.ActiveCfg = Debug|iPhone
		{A57A779B-9040-4C98-A400-B15693DCC9AE}.Debug|Mixed Platforms.Build.0 = Debug|iPhone
		{A57A779B-9040-4C98-A400-B15693DCC9AE}.Release|Any CPU.ActiveCfg = Release|iPhone
		{A57A779B-9040-4C98-A400-B15693DCC9AE}.Release|iPhone.ActiveCfg = Release|iPhone
		{A57A779B-9040-4C98-A400-B15693DCC9AE}.Release|iPhone.Build.0 = Release|iPhone
		{A57A779B-9040-4C98-A400-B15693DCC9AE}.Release|iPhoneSimulator.ActiveCfg = Release|iPhoneSimulator
		{A57A779B-9040-4C98-A400-B15693DCC9AE}.Release|iPhoneSimulator.Build.0 = Release|iPhoneSimulator
		{A57A779B-9040-4C98-A400-B15693DCC9AE}.Release|Mixed Platforms.ActiveCfg = Release|iPhone
		{A57A779B-9040-4C98-A400-B15693DCC9AE}.Release|Mixed Platforms.Build.0 = Release|iPhone
		{6CD5AC44-F7AD-4985-86E7-DCDB67CFD727}.Ad-Hoc|Any CPU.ActiveCfg = Release|Any CPU
		{6CD5AC44-F7AD-4985-86E7-DCDB67CFD727}.Ad-Hoc|Any CPU.Build.0 = Release|Any CPU
		{6CD5AC44-F7AD-4985-86E7-DCDB67CFD727}.Ad-Hoc|Any CPU.Deploy.0 = Release|Any CPU
		{6CD5AC44-F7AD-4985-86E7-DCDB67CFD727}.Ad-Hoc|iPhone.ActiveCfg = Release|Any CPU
		{6CD5AC44-F7AD-4985-86E7-DCDB67CFD727}.Ad-Hoc|iPhoneSimulator.ActiveCfg = Release|Any CPU
		{6CD5AC44-F7AD-4985-86E7-DCDB67CFD727}.Ad-Hoc|Mixed Platforms.ActiveCfg = Release|Any CPU
		{6CD5AC44-F7AD-4985-86E7-DCDB67CFD727}.Ad-Hoc|Mixed Platforms.Build.0 = Release|Any CPU
		{6CD5AC44-F7AD-4985-86E7-DCDB67CFD727}.Ad-Hoc|Mixed Platforms.Deploy.0 = Release|Any CPU
		{6CD5AC44-F7AD-4985-86E7-DCDB67CFD727}.AppStore|Any CPU.ActiveCfg = Release|Any CPU
		{6CD5AC44-F7AD-4985-86E7-DCDB67CFD727}.AppStore|Any CPU.Build.0 = Release|Any CPU
		{6CD5AC44-F7AD-4985-86E7-DCDB67CFD727}.AppStore|Any CPU.Deploy.0 = Release|Any CPU
		{6CD5AC44-F7AD-4985-86E7-DCDB67CFD727}.AppStore|iPhone.ActiveCfg = Release|Any CPU
		{6CD5AC44-F7AD-4985-86E7-DCDB67CFD727}.AppStore|iPhoneSimulator.ActiveCfg = Release|Any CPU
		{6CD5AC44-F7AD-4985-86E7-DCDB67CFD727}.AppStore|Mixed Platforms.ActiveCfg = Release|Any CPU
		{6CD5AC44-F7AD-4985-86E7-DCDB67CFD727}.AppStore|Mixed Platforms.Build.0 = Release|Any CPU
		{6CD5AC44-F7AD-4985-86E7-DCDB67CFD727}.AppStore|Mixed Platforms.Deploy.0 = Release|Any CPU
		{6CD5AC44-F7AD-4985-86E7-DCDB67CFD727}.Debug|Any CPU.ActiveCfg = Debug|Any CPU
		{6CD5AC44-F7AD-4985-86E7-DCDB67CFD727}.Debug|Any CPU.Build.0 = Debug|Any CPU
		{6CD5AC44-F7AD-4985-86E7-DCDB67CFD727}.Debug|Any CPU.Deploy.0 = Debug|Any CPU
		{6CD5AC44-F7AD-4985-86E7-DCDB67CFD727}.Debug|iPhone.ActiveCfg = Debug|Any CPU
		{6CD5AC44-F7AD-4985-86E7-DCDB67CFD727}.Debug|iPhoneSimulator.ActiveCfg = Debug|Any CPU
		{6CD5AC44-F7AD-4985-86E7-DCDB67CFD727}.Debug|iPhoneSimulator.Build.0 = Debug|Any CPU
		{6CD5AC44-F7AD-4985-86E7-DCDB67CFD727}.Debug|iPhoneSimulator.Deploy.0 = Debug|Any CPU
		{6CD5AC44-F7AD-4985-86E7-DCDB67CFD727}.Debug|Mixed Platforms.ActiveCfg = Debug|Any CPU
		{6CD5AC44-F7AD-4985-86E7-DCDB67CFD727}.Debug|Mixed Platforms.Build.0 = Debug|Any CPU
		{6CD5AC44-F7AD-4985-86E7-DCDB67CFD727}.Debug|Mixed Platforms.Deploy.0 = Debug|Any CPU
		{6CD5AC44-F7AD-4985-86E7-DCDB67CFD727}.Release|Any CPU.ActiveCfg = Release|Any CPU
		{6CD5AC44-F7AD-4985-86E7-DCDB67CFD727}.Release|Any CPU.Build.0 = Release|Any CPU
		{6CD5AC44-F7AD-4985-86E7-DCDB67CFD727}.Release|Any CPU.Deploy.0 = Release|Any CPU
		{6CD5AC44-F7AD-4985-86E7-DCDB67CFD727}.Release|iPhone.ActiveCfg = Release|Any CPU
		{6CD5AC44-F7AD-4985-86E7-DCDB67CFD727}.Release|iPhoneSimulator.ActiveCfg = Release|Any CPU
		{6CD5AC44-F7AD-4985-86E7-DCDB67CFD727}.Release|Mixed Platforms.ActiveCfg = Release|Any CPU
		{6CD5AC44-F7AD-4985-86E7-DCDB67CFD727}.Release|Mixed Platforms.Build.0 = Release|Any CPU
		{6CD5AC44-F7AD-4985-86E7-DCDB67CFD727}.Release|Mixed Platforms.Deploy.0 = Release|Any CPU
	EndGlobalSection
	GlobalSection(SolutionProperties) = preSolution
		HideSolutionNode = FALSE
	EndGlobalSection
EndGlobal
